
Microsoft Visual Studio Solution File, Format Version 12.00
# Visual Studio 15
VisualStudioVersion = 15.0.28307.168
MinimumVisualStudioVersion = 10.0.40219.1
Project("{FAE04EC0-301F-11D3-BF4B-00C04F79EFBC}") = "TLE - Exercice 4", "TLE - Exercice 4\TLE - Exercice 4.csproj", "{DF8C332A-D1D9-492A-801B-CC5599D193AE}"
EndProject
Global
	GlobalSection(SolutionConfigurationPlatforms) = preSolution
		Debug|Any CPU = Debug|Any CPU
		Release|Any CPU = Release|Any CPU
	EndGlobalSection
	GlobalSection(ProjectConfigurationPlatforms) = postSolution
		{DF8C332A-D1D9-492A-801B-CC5599D193AE}.Debug|Any CPU.ActiveCfg = Debug|Any CPU
		{DF8C332A-D1D9-492A-801B-CC5599D193AE}.Debug|Any CPU.Build.0 = Debug|Any CPU
		{DF8C332A-D1D9-492A-801B-CC5599D193AE}.Release|Any CPU.ActiveCfg = Release|Any CPU
		{DF8C332A-D1D9-492A-801B-CC5599D193AE}.Release|Any CPU.Build.0 = Release|Any CPU
	EndGlobalSection
	GlobalSection(SolutionProperties) = preSolution
		HideSolutionNode = FALSE
	EndGlobalSection
	GlobalSection(ExtensibilityGlobals) = postSolution
		SolutionGuid = {A5A848F6-4F6B-489A-B9DA-FC30EE8D3B93}
	EndGlobalSection
EndGlobal
